
Microsoft Visual Studio Solution File, Format Version 12.00
# Visual Studio Version 16
VisualStudioVersion = 16.0.30320.27
MinimumVisualStudioVersion = 10.0.40219.1
Project("{FAE04EC0-301F-11D3-BF4B-00C04F79EFBC}") = "UnilyChallenge.LogApi.Tests", "UnilyChallenge.LogApi.Tests\UnilyChallenge.LogApi.Tests.csproj", "{C929695E-3863-4E87-B61D-21B6F651BA42}"
EndProject
Project("{FAE04EC0-301F-11D3-BF4B-00C04F79EFBC}") = "UnilyChallenge.LogApi", "UnilyChallenge.LogApi\UnilyChallenge.LogApi.csproj", "{ED74A8F8-676B-488A-BF01-F5C629BA2546}"
EndProject
Global
	GlobalSection(SolutionConfigurationPlatforms) = preSolution
		Debug|Any CPU = Debug|Any CPU
		Release|Any CPU = Release|Any CPU
	EndGlobalSection
	GlobalSection(ProjectConfigurationPlatforms) = postSolution
		{C929695E-3863-4E87-B61D-21B6F651BA42}.Debug|Any CPU.ActiveCfg = Debug|Any CPU
		{C929695E-3863-4E87-B61D-21B6F651BA42}.Debug|Any CPU.Build.0 = Debug|Any CPU
		{C929695E-3863-4E87-B61D-21B6F651BA42}.Release|Any CPU.ActiveCfg = Release|Any CPU
		{C929695E-3863-4E87-B61D-21B6F651BA42}.Release|Any CPU.Build.0 = Release|Any CPU
		{ED74A8F8-676B-488A-BF01-F5C629BA2546}.Debug|Any CPU.ActiveCfg = Debug|Any CPU
		{ED74A8F8-676B-488A-BF01-F5C629BA2546}.Debug|Any CPU.Build.0 = Debug|Any CPU
		{ED74A8F8-676B-488A-BF01-F5C629BA2546}.Release|Any CPU.ActiveCfg = Release|Any CPU
		{ED74A8F8-676B-488A-BF01-F5C629BA2546}.Release|Any CPU.Build.0 = Release|Any CPU
	EndGlobalSection
	GlobalSection(SolutionProperties) = preSolution
		HideSolutionNode = FALSE
	EndGlobalSection
	GlobalSection(ExtensibilityGlobals) = postSolution
		SolutionGuid = {1BE03C23-B4BB-455F-843F-15DD8AD3380B}
	EndGlobalSection
EndGlobal
